
Microsoft Visual Studio Solution File, Format Version 12.00
# Visual Studio 14
VisualStudioVersion = 14.0.25420.1
MinimumVisualStudioVersion = 10.0.40219.1
Project("{8BC9CEB8-8B4A-11D0-8D11-00A0C91BC942}") = "tcp_server", "tcp_server\tcp_server.vcxproj", "{62836874-1F99-4D7B-9597-85D249AC6CB5}"
EndProject
Project("{8BC9CEB8-8B4A-11D0-8D11-00A0C91BC942}") = "tcp_client", "tcp_client\tcp_client.vcxproj", "{4B111124-E4CF-489D-B32D-FDAF33851829}"
EndProject
Project("{8BC9CEB8-8B4A-11D0-8D11-00A0C91BC942}") = "udp_server", "udp_server\udp_server.vcxproj", "{2A7E94CF-FBF3-4CB8-A88F-74B5BC346E2C}"
EndProject
Project("{8BC9CEB8-8B4A-11D0-8D11-00A0C91BC942}") = "udp_client", "udp_client\udp_client.vcxproj", "{5B00D21A-EA28-4C26-A03D-BED1CFCC4EBE}"
EndProject
Global
	GlobalSection(SolutionConfigurationPlatforms) = preSolution
		Debug|x64 = Debug|x64
		Debug|x86 = Debug|x86
		Release|x64 = Release|x64
		Release|x86 = Release|x86
	EndGlobalSection
	GlobalSection(ProjectConfigurationPlatforms) = postSolution
		{62836874-1F99-4D7B-9597-85D249AC6CB5}.Debug|x64.ActiveCfg = Debug|x64
		{62836874-1F99-4D7B-9597-85D249AC6CB5}.Debug|x64.Build.0 = Debug|x64
		{62836874-1F99-4D7B-9597-85D249AC6CB5}.Debug|x86.ActiveCfg = Debug|Win32
		{62836874-1F99-4D7B-9597-85D249AC6CB5}.Debug|x86.Build.0 = Debug|Win32
		{62836874-1F99-4D7B-9597-85D249AC6CB5}.Release|x64.ActiveCfg = Release|x64
		{62836874-1F99-4D7B-9597-85D249AC6CB5}.Release|x64.Build.0 = Release|x64
		{62836874-1F99-4D7B-9597-85D249AC6CB5}.Release|x86.ActiveCfg = Release|Win32
		{62836874-1F99-4D7B-9597-85D249AC6CB5}.Release|x86.Build.0 = Release|Win32
		{4B111124-E4CF-489D-B32D-FDAF33851829}.Debug|x64.ActiveCfg = Debug|x64
		{4B111124-E4CF-489D-B32D-FDAF33851829}.Debug|x64.Build.0 = Debug|x64
		{4B111124-E4CF-489D-B32D-FDAF33851829}.Debug|x86.ActiveCfg = Debug|Win32
		{4B111124-E4CF-489D-B32D-FDAF33851829}.Debug|x86.Build.0 = Debug|Win32
		{4B111124-E4CF-489D-B32D-FDAF33851829}.Release|x64.ActiveCfg = Release|x64
		{4B111124-E4CF-489D-B32D-FDAF33851829}.Release|x64.Build.0 = Release|x64
		{4B111124-E4CF-489D-B32D-FDAF33851829}.Release|x86.ActiveCfg = Release|Win32
		{4B111124-E4CF-489D-B32D-FDAF33851829}.Release|x86.Build.0 = Release|Win32
		{2A7E94CF-FBF3-4CB8-A88F-74B5BC346E2C}.Debug|x64.ActiveCfg = Debug|x64
		{2A7E94CF-FBF3-4CB8-A88F-74B5BC346E2C}.Debug|x64.Build.0 = Debug|x64
		{2A7E94CF-FBF3-4CB8-A88F-74B5BC346E2C}.Debug|x86.ActiveCfg = Debug|Win32
		{2A7E94CF-FBF3-4CB8-A88F-74B5BC346E2C}.Debug|x86.Build.0 = Debug|Win32
		{2A7E94CF-FBF3-4CB8-A88F-74B5BC346E2C}.Release|x64.ActiveCfg = Release|x64
		{2A7E94CF-FBF3-4CB8-A88F-74B5BC346E2C}.Release|x64.Build.0 = Release|x64
		{2A7E94CF-FBF3-4CB8-A88F-74B5BC346E2C}.Release|x86.ActiveCfg = Release|Win32
		{2A7E94CF-FBF3-4CB8-A88F-74B5BC346E2C}.Release|x86.Build.0 = Release|Win32
		{5B00D21A-EA28-4C26-A03D-BED1CFCC4EBE}.Debug|x64.ActiveCfg = Debug|x64
		{5B00D21A-EA28-4C26-A03D-BED1CFCC4EBE}.Debug|x64.Build.0 = Debug|x64
		{5B00D21A-EA28-4C26-A03D-BED1CFCC4EBE}.Debug|x86.ActiveCfg = Debug|Win32
		{5B00D21A-EA28-4C26-A03D-BED1CFCC4EBE}.Debug|x86.Build.0 = Debug|Win32
		{5B00D21A-EA28-4C26-A03D-BED1CFCC4EBE}.Release|x64.ActiveCfg = Release|x64
		{5B00D21A-EA28-4C26-A03D-BED1CFCC4EBE}.Release|x64.Build.0 = Release|x64
		{5B00D21A-EA28-4C26-A03D-BED1CFCC4EBE}.Release|x86.ActiveCfg = Release|Win32
		{5B00D21A-EA28-4C26-A03D-BED1CFCC4EBE}.Release|x86.Build.0 = Release|Win32
	EndGlobalSection
	GlobalSection(SolutionProperties) = preSolution
		HideSolutionNode = FALSE
	EndGlobalSection
EndGlobal
